
Microsoft Visual Studio Solution File, Format Version 12.00
# Visual Studio Version 17
VisualStudioVersion = 17.14.37614.0
MinimumVisualStudioVersion = 10.0.40219.1
Project("{FAE04EC0-301F-11D3-BF4B-00C04F79EFBC}") = "WpfPrism-Demo", "WpfPrism-Demo\WpfPrism-Demo.csproj", "{89F19C29-39A1-4EA0-8A5B-7CFDC7456CE4}"
EndProject
Project("{FAE04EC0-301F-11D3-BF4B-00C04F79EFBC}") = "ModuleA.Plugin", "ModuleA.Plugin\ModuleA.Plugin.csproj", "{0E6920C4-B443-4F68-B5D8-ECEFB3382444}"
EndProject
Project("{FAE04EC0-301F-11D3-BF4B-00C04F79EFBC}") = "ModuleB.Plugin", "ModuleB.Plugin\ModuleB.Plugin.csproj", "{17184789-2784-47BA-BE60-53381BE89879}"
EndProject
Global
	GlobalSection(SolutionConfigurationPlatforms) = preSolution
		Debug|Any CPU = Debug|Any CPU
		Release|Any CPU = Release|Any CPU
	EndGlobalSection
	GlobalSection(ProjectConfigurationPlatforms) = postSolution
		{89F19C29-39A1-4EA0-8A5B-7CFDC7456CE4}.Debug|Any CPU.ActiveCfg = Debug|Any CPU
		{89F19C29-39A1-4EA0-8A5B-7CFDC7456CE4}.Debug|Any CPU.Build.0 = Debug|Any CPU
		{89F19C29-39A1-4EA0-8A5B-7CFDC7456CE4}.Release|Any CPU.ActiveCfg = Release|Any CPU
		{89F19C29-39A1-4EA0-8A5B-7CFDC7456CE4}.Release|Any CPU.Build.0 = Release|Any CPU
		{0E6920C4-B443-4F68-B5D8-ECEFB3382444}.Debug|Any CPU.ActiveCfg = Debug|Any CPU
		{0E6920C4-B443-4F68-B5D8-ECEFB3382444}.Debug|Any CPU.Build.0 = Debug|Any CPU
		{0E6920C4-B443-4F68-B5D8-ECEFB3382444}.Release|Any CPU.ActiveCfg = Release|Any CPU
		{0E6920C4-B443-4F68-B5D8-ECEFB3382444}.Release|Any CPU.Build.0 = Release|Any CPU
		{17184789-2784-47BA-BE60-53381BE89879}.Debug|Any CPU.ActiveCfg = Debug|Any CPU
		{17184789-2784-47BA-BE60-53381BE89879}.Debug|Any CPU.Build.0 = Debug|Any CPU
		{17184789-2784-47BA-BE60-53381BE89879}.Release|Any CPU.ActiveCfg = Release|Any CPU
		{17184789-2784-47BA-BE60-53381BE89879}.Release|Any CPU.Build.0 = Release|Any CPU
	EndGlobalSection
	GlobalSection(SolutionProperties) = preSolution
		HideSolutionNode = FALSE
	EndGlobalSection
	GlobalSection(ExtensibilityGlobals) = postSolution
		SolutionGuid = {FA306D32-C32B-430D-B656-1849DAEB2DEC}
	EndGlobalSection
EndGlobal
